
Microsoft Visual Studio Solution File, Format Version 12.00
# Visual Studio Version 17
VisualStudioVersion = 17.3.32901.215
MinimumVisualStudioVersion = 10.0.40219.1
Project("{FAE04EC0-301F-11D3-BF4B-00C04F79EFBC}") = "QuanLyShopBanSach_Nhom20", "QuanLyShopBanSach_Nhom20\QuanLyShopBanSach_Nhom20.csproj", "{7AFF9D3D-DDFB-4184-BCF7-42FBCD0E0763}"
EndProject
Global
	GlobalSection(SolutionConfigurationPlatforms) = preSolution
		Debug|Any CPU = Debug|Any CPU
		Release|Any CPU = Release|Any CPU
	EndGlobalSection
	GlobalSection(ProjectConfigurationPlatforms) = postSolution
		{7AFF9D3D-DDFB-4184-BCF7-42FBCD0E0763}.Debug|Any CPU.ActiveCfg = Debug|Any CPU
		{7AFF9D3D-DDFB-4184-BCF7-42FBCD0E0763}.Debug|Any CPU.Build.0 = Debug|Any CPU
		{7AFF9D3D-DDFB-4184-BCF7-42FBCD0E0763}.Release|Any CPU.ActiveCfg = Release|Any CPU
		{7AFF9D3D-DDFB-4184-BCF7-42FBCD0E0763}.Release|Any CPU.Build.0 = Release|Any CPU
	EndGlobalSection
	GlobalSection(SolutionProperties) = preSolution
		HideSolutionNode = FALSE
	EndGlobalSection
	GlobalSection(ExtensibilityGlobals) = postSolution
		SolutionGuid = {AE501B14-F715-4F95-AF24-CD616313BE2C}
	EndGlobalSection
EndGlobal
